
Microsoft Visual Studio Solution File, Format Version 12.00
# Visual Studio 15
VisualStudioVersion = 15.0.27703.2026
MinimumVisualStudioVersion = 10.0.40219.1
Project("{FAE04EC0-301F-11D3-BF4B-00C04F79EFBC}") = "Chrome Rich Precense", "Chrome Rich Precense\Chrome Rich Precense.csproj", "{00275AF8-D0B8-4324-AF85-0D6E5780C8FA}"
EndProject
Global
	GlobalSection(SolutionConfigurationPlatforms) = preSolution
		Debug|Any CPU = Debug|Any CPU
		Debug|x64 = Debug|x64
		Release|Any CPU = Release|Any CPU
		Release|x64 = Release|x64
	EndGlobalSection
	GlobalSection(ProjectConfigurationPlatforms) = postSolution
		{00275AF8-D0B8-4324-AF85-0D6E5780C8FA}.Debug|Any CPU.ActiveCfg = Debug|Any CPU
		{00275AF8-D0B8-4324-AF85-0D6E5780C8FA}.Debug|Any CPU.Build.0 = Debug|Any CPU
		{00275AF8-D0B8-4324-AF85-0D6E5780C8FA}.Debug|x64.ActiveCfg = Debug|x64
		{00275AF8-D0B8-4324-AF85-0D6E5780C8FA}.Debug|x64.Build.0 = Debug|x64
		{00275AF8-D0B8-4324-AF85-0D6E5780C8FA}.Release|Any CPU.ActiveCfg = Release|Any CPU
		{00275AF8-D0B8-4324-AF85-0D6E5780C8FA}.Release|Any CPU.Build.0 = Release|Any CPU
		{00275AF8-D0B8-4324-AF85-0D6E5780C8FA}.Release|x64.ActiveCfg = Release|x64
		{00275AF8-D0B8-4324-AF85-0D6E5780C8FA}.Release|x64.Build.0 = Release|x64
	EndGlobalSection
	GlobalSection(SolutionProperties) = preSolution
		HideSolutionNode = FALSE
	EndGlobalSection
	GlobalSection(ExtensibilityGlobals) = postSolution
		SolutionGuid = {EB44168D-D6C9-4785-B393-EA17134B9E09}
	EndGlobalSection
EndGlobal
